
Microsoft Visual Studio Solution File, Format Version 12.00
# Visual Studio Version 17
VisualStudioVersion = 17.0.32014.148
MinimumVisualStudioVersion = 10.0.40219.1
Project("{9A19103F-16F7-4668-BE54-9A1E7A4F7556}") = "RaminagrobisConsole", "RaminagrobisConsole\RaminagrobisConsole.csproj", "{38A2813D-4ECE-4076-B89C-4E696D80F506}"
EndProject
Project("{9A19103F-16F7-4668-BE54-9A1E7A4F7556}") = "Raminagrobis.DAL", "Raminagrobis.DAL\Raminagrobis.DAL.csproj", "{71D79D02-40FC-4CE3-BCE5-66CEA43D5375}"
EndProject
Project("{9A19103F-16F7-4668-BE54-9A1E7A4F7556}") = "Raminagrobis.Metier", "Raminagrobis.Metier\Raminagrobis.Metier.csproj", "{4BE69C1C-32A9-4E6C-A5C4-64116DC09AD1}"
EndProject
Project("{9A19103F-16F7-4668-BE54-9A1E7A4F7556}") = "RaminagrobisAPI", "RaminagrobisAPI\RaminagrobisAPI.csproj", "{658042F6-46BA-47AE-9C8D-5E3D7EF04C0A}"
EndProject
Project("{9A19103F-16F7-4668-BE54-9A1E7A4F7556}") = "RaminagrobisDTO", "RaminagrobisDTO\RaminagrobisDTO.csproj", "{B6394AEE-72B7-4806-BA13-468ABC2E7C7E}"
EndProject
Project("{9A19103F-16F7-4668-BE54-9A1E7A4F7556}") = "RaminagrobisWPF", "RaminagrobisWPF\RaminagrobisWPF.csproj", "{C848E0A3-47E8-420B-8942-C299330863AC}"
EndProject
Project("{9A19103F-16F7-4668-BE54-9A1E7A4F7556}") = "Raminagrobis.WPF2", "Raminagrobis.WPF2\Raminagrobis.WPF2.csproj", "{BB6B4BCE-3B6E-4266-B821-2A146B21493C}"
EndProject
Project("{2150E333-8FDC-42A3-9474-1A3956D46DE8}") = "Version 1", "Version 1", "{9FF7DA81-E443-42D0-85B5-470D5E750BB0}"
EndProject
Project("{2150E333-8FDC-42A3-9474-1A3956D46DE8}") = "Version 2", "Version 2", "{845A11D1-AD53-4D52-9458-BCBE4397D6A8}"
EndProject
Project("{9A19103F-16F7-4668-BE54-9A1E7A4F7556}") = "RaminagrobisBTS.DAL", "RaminagrobisBTS.DAL\RaminagrobisBTS.DAL.csproj", "{F289BD76-C6B1-4A5E-90A2-91B0AC9A6FE0}"
EndProject
Project("{9A19103F-16F7-4668-BE54-9A1E7A4F7556}") = "RaminagrobisBTS.TestEnConsole", "RaminagrobisBTS.TestEnConsole\RaminagrobisBTS.TestEnConsole.csproj", "{E610439B-A502-4C71-8D5C-93EC8000BAF4}"
EndProject
Project("{FAE04EC0-301F-11D3-BF4B-00C04F79EFBC}") = "RaminagrobisBTS.API", "RaminagrobisBTS.API\RaminagrobisBTS.API.csproj", "{81EA4778-BC06-4001-A6E5-53490DD53447}"
EndProject
Project("{FAE04EC0-301F-11D3-BF4B-00C04F79EFBC}") = "RaminagrobisBTS.DTO", "RaminagrobisBTS.DTO\RaminagrobisBTS.DTO.csproj", "{C383BE55-A957-47EA-9C23-6367BC7885F7}"
EndProject
Project("{FAE04EC0-301F-11D3-BF4B-00C04F79EFBC}") = "RaminagrobisBTS.Metier", "RaminagrobisBTSMetier\RaminagrobisBTS.Metier.csproj", "{4EC8D006-DBA0-4D85-A3E4-5D7138EC5E9E}"
EndProject
Global
	GlobalSection(SolutionConfigurationPlatforms) = preSolution
		Debug|Any CPU = Debug|Any CPU
		Release|Any CPU = Release|Any CPU
	EndGlobalSection
	GlobalSection(ProjectConfigurationPlatforms) = postSolution
		{38A2813D-4ECE-4076-B89C-4E696D80F506}.Debug|Any CPU.ActiveCfg = Debug|Any CPU
		{38A2813D-4ECE-4076-B89C-4E696D80F506}.Debug|Any CPU.Build.0 = Debug|Any CPU
		{38A2813D-4ECE-4076-B89C-4E696D80F506}.Release|Any CPU.ActiveCfg = Release|Any CPU
		{38A2813D-4ECE-4076-B89C-4E696D80F506}.Release|Any CPU.Build.0 = Release|Any CPU
		{71D79D02-40FC-4CE3-BCE5-66CEA43D5375}.Debug|Any CPU.ActiveCfg = Debug|Any CPU
		{71D79D02-40FC-4CE3-BCE5-66CEA43D5375}.Debug|Any CPU.Build.0 = Debug|Any CPU
		{71D79D02-40FC-4CE3-BCE5-66CEA43D5375}.Release|Any CPU.ActiveCfg = Release|Any CPU
		{71D79D02-40FC-4CE3-BCE5-66CEA43D5375}.Release|Any CPU.Build.0 = Release|Any CPU
		{4BE69C1C-32A9-4E6C-A5C4-64116DC09AD1}.Debug|Any CPU.ActiveCfg = Debug|Any CPU
		{4BE69C1C-32A9-4E6C-A5C4-64116DC09AD1}.Debug|Any CPU.Build.0 = Debug|Any CPU
		{4BE69C1C-32A9-4E6C-A5C4-64116DC09AD1}.Release|Any CPU.ActiveCfg = Release|Any CPU
		{4BE69C1C-32A9-4E6C-A5C4-64116DC09AD1}.Release|Any CPU.Build.0 = Release|Any CPU
		{658042F6-46BA-47AE-9C8D-5E3D7EF04C0A}.Debug|Any CPU.ActiveCfg = Debug|Any CPU
		{658042F6-46BA-47AE-9C8D-5E3D7EF04C0A}.Debug|Any CPU.Build.0 = Debug|Any CPU
		{658042F6-46BA-47AE-9C8D-5E3D7EF04C0A}.Release|Any CPU.ActiveCfg = Release|Any CPU
		{658042F6-46BA-47AE-9C8D-5E3D7EF04C0A}.Release|Any CPU.Build.0 = Release|Any CPU
		{B6394AEE-72B7-4806-BA13-468ABC2E7C7E}.Debug|Any CPU.ActiveCfg = Debug|Any CPU
		{B6394AEE-72B7-4806-BA13-468ABC2E7C7E}.Debug|Any CPU.Build.0 = Debug|Any CPU
		{B6394AEE-72B7-4806-BA13-468ABC2E7C7E}.Release|Any CPU.ActiveCfg = Release|Any CPU
		{B6394AEE-72B7-4806-BA13-468ABC2E7C7E}.Release|Any CPU.Build.0 = Release|Any CPU
		{C848E0A3-47E8-420B-8942-C299330863AC}.Debug|Any CPU.ActiveCfg = Debug|Any CPU
		{C848E0A3-47E8-420B-8942-C299330863AC}.Debug|Any CPU.Build.0 = Debug|Any CPU
		{C848E0A3-47E8-420B-8942-C299330863AC}.Release|Any CPU.ActiveCfg = Release|Any CPU
		{C848E0A3-47E8-420B-8942-C299330863AC}.Release|Any CPU.Build.0 = Release|Any CPU
		{BB6B4BCE-3B6E-4266-B821-2A146B21493C}.Debug|Any CPU.ActiveCfg = Debug|Any CPU
		{BB6B4BCE-3B6E-4266-B821-2A146B21493C}.Debug|Any CPU.Build.0 = Debug|Any CPU
		{BB6B4BCE-3B6E-4266-B821-2A146B21493C}.Release|Any CPU.ActiveCfg = Release|Any CPU
		{BB6B4BCE-3B6E-4266-B821-2A146B21493C}.Release|Any CPU.Build.0 = Release|Any CPU
		{F289BD76-C6B1-4A5E-90A2-91B0AC9A6FE0}.Debug|Any CPU.ActiveCfg = Debug|Any CPU
		{F289BD76-C6B1-4A5E-90A2-91B0AC9A6FE0}.Debug|Any CPU.Build.0 = Debug|Any CPU
		{F289BD76-C6B1-4A5E-90A2-91B0AC9A6FE0}.Release|Any CPU.ActiveCfg = Release|Any CPU
		{F289BD76-C6B1-4A5E-90A2-91B0AC9A6FE0}.Release|Any CPU.Build.0 = Release|Any CPU
		{E610439B-A502-4C71-8D5C-93EC8000BAF4}.Debug|Any CPU.ActiveCfg = Debug|Any CPU
		{E610439B-A502-4C71-8D5C-93EC8000BAF4}.Debug|Any CPU.Build.0 = Debug|Any CPU
		{E610439B-A502-4C71-8D5C-93EC8000BAF4}.Release|Any CPU.ActiveCfg = Release|Any CPU
		{E610439B-A502-4C71-8D5C-93EC8000BAF4}.Release|Any CPU.Build.0 = Release|Any CPU
		{81EA4778-BC06-4001-A6E5-53490DD53447}.Debug|Any CPU.ActiveCfg = Debug|Any CPU
		{81EA4778-BC06-4001-A6E5-53490DD53447}.Debug|Any CPU.Build.0 = Debug|Any CPU
		{81EA4778-BC06-4001-A6E5-53490DD53447}.Release|Any CPU.ActiveCfg = Release|Any CPU
		{81EA4778-BC06-4001-A6E5-53490DD53447}.Release|Any CPU.Build.0 = Release|Any CPU
		{C383BE55-A957-47EA-9C23-6367BC7885F7}.Debug|Any CPU.ActiveCfg = Debug|Any CPU
		{C383BE55-A957-47EA-9C23-6367BC7885F7}.Debug|Any CPU.Build.0 = Debug|Any CPU
		{C383BE55-A957-47EA-9C23-6367BC7885F7}.Release|Any CPU.ActiveCfg = Release|Any CPU
		{C383BE55-A957-47EA-9C23-6367BC7885F7}.Release|Any CPU.Build.0 = Release|Any CPU
		{4EC8D006-DBA0-4D85-A3E4-5D7138EC5E9E}.Debug|Any CPU.ActiveCfg = Debug|Any CPU
		{4EC8D006-DBA0-4D85-A3E4-5D7138EC5E9E}.Debug|Any CPU.Build.0 = Debug|Any CPU
		{4EC8D006-DBA0-4D85-A3E4-5D7138EC5E9E}.Release|Any CPU.ActiveCfg = Release|Any CPU
		{4EC8D006-DBA0-4D85-A3E4-5D7138EC5E9E}.Release|Any CPU.Build.0 = Release|Any CPU
	EndGlobalSection
	GlobalSection(SolutionProperties) = preSolution
		HideSolutionNode = FALSE
	EndGlobalSection
	GlobalSection(NestedProjects) = preSolution
		{38A2813D-4ECE-4076-B89C-4E696D80F506} = {9FF7DA81-E443-42D0-85B5-470D5E750BB0}
		{71D79D02-40FC-4CE3-BCE5-66CEA43D5375} = {9FF7DA81-E443-42D0-85B5-470D5E750BB0}
		{4BE69C1C-32A9-4E6C-A5C4-64116DC09AD1} = {9FF7DA81-E443-42D0-85B5-470D5E750BB0}
		{658042F6-46BA-47AE-9C8D-5E3D7EF04C0A} = {9FF7DA81-E443-42D0-85B5-470D5E750BB0}
		{C848E0A3-47E8-420B-8942-C299330863AC} = {9FF7DA81-E443-42D0-85B5-470D5E750BB0}
		{BB6B4BCE-3B6E-4266-B821-2A146B21493C} = {845A11D1-AD53-4D52-9458-BCBE4397D6A8}
		{F289BD76-C6B1-4A5E-90A2-91B0AC9A6FE0} = {845A11D1-AD53-4D52-9458-BCBE4397D6A8}
		{E610439B-A502-4C71-8D5C-93EC8000BAF4} = {845A11D1-AD53-4D52-9458-BCBE4397D6A8}
		{81EA4778-BC06-4001-A6E5-53490DD53447} = {845A11D1-AD53-4D52-9458-BCBE4397D6A8}
		{C383BE55-A957-47EA-9C23-6367BC7885F7} = {845A11D1-AD53-4D52-9458-BCBE4397D6A8}
		{4EC8D006-DBA0-4D85-A3E4-5D7138EC5E9E} = {845A11D1-AD53-4D52-9458-BCBE4397D6A8}
	EndGlobalSection
	GlobalSection(ExtensibilityGlobals) = postSolution
		SolutionGuid = {DF6B20C1-C401-4712-8397-9B9AF44541B0}
	EndGlobalSection
EndGlobal
